
Microsoft Visual Studio Solution File, Format Version 12.00
# Visual Studio Version 17
VisualStudioVersion = 17.5.002.0
MinimumVisualStudioVersion = 10.0.40219.1
Project("{9A19103F-16F7-4668-BE54-9A1E7A4F7556}") = "3.2DotnetAPI", "3.2DotnetAPI.csproj", "{AA3CB76A-A955-4CF2-ABBD-53317ACE5738}"
EndProject
Global
	GlobalSection(SolutionConfigurationPlatforms) = preSolution
		Debug|Any CPU = Debug|Any CPU
		Release|Any CPU = Release|Any CPU
	EndGlobalSection
	GlobalSection(ProjectConfigurationPlatforms) = postSolution
		{AA3CB76A-A955-4CF2-ABBD-53317ACE5738}.Debug|Any CPU.ActiveCfg = Debug|Any CPU
		{AA3CB76A-A955-4CF2-ABBD-53317ACE5738}.Debug|Any CPU.Build.0 = Debug|Any CPU
		{AA3CB76A-A955-4CF2-ABBD-53317ACE5738}.Release|Any CPU.ActiveCfg = Release|Any CPU
		{AA3CB76A-A955-4CF2-ABBD-53317ACE5738}.Release|Any CPU.Build.0 = Release|Any CPU
	EndGlobalSection
	GlobalSection(SolutionProperties) = preSolution
		HideSolutionNode = FALSE
	EndGlobalSection
	GlobalSection(ExtensibilityGlobals) = postSolution
		SolutionGuid = {C9B54BC2-F85B-4810-B0DE-F5B6171526A0}
	EndGlobalSection
EndGlobal
